
Microsoft Visual Studio Solution File, Format Version 12.00
# Visual Studio 14
VisualStudioVersion = 14.0.23107.0
MinimumVisualStudioVersion = 10.0.40219.1
Project("{2150E333-8FDC-42A3-9474-1A3956D46DE8}") = "Platform", "Platform", "{F836D93D-3D7E-40CC-8B2D-3E1D61B4F3AC}"
EndProject
Project("{2150E333-8FDC-42A3-9474-1A3956D46DE8}") = "Samples", "Samples", "{A0C6E4A7-26DD-4284-9B35-1F8DF173EE40}"
EndProject
Project("{2150E333-8FDC-42A3-9474-1A3956D46DE8}") = "Core", "Core", "{76F189B5-6342-47A2-992B-D681186E62F9}"
EndProject
Project("{FAE04EC0-301F-11D3-BF4B-00C04F79EFBC}") = "XIOTCore.Contract", "XIOTCore.Contract\XIOTCore.Contract.csproj", "{9F92ABA8-71DC-4583-BD4D-349DCBB6BD87}"
EndProject
Project("{FAE04EC0-301F-11D3-BF4B-00C04F79EFBC}") = "XIOTCore.Portable", "XIOTCore.Portable\XIOTCore.Portable.csproj", "{91902D55-BA04-4391-B565-02521F1EECF4}"
EndProject
Project("{FAE04EC0-301F-11D3-BF4B-00C04F79EFBC}") = "XIOTCore.FTDI", "XIOTCore.FTDI\XIOTCore.FTDI.csproj", "{FA791085-FCD7-46A8-A87B-B112CD1D26AA}"
EndProject
Project("{FAE04EC0-301F-11D3-BF4B-00C04F79EFBC}") = "XIOTCore.NET", "XIOTCore.NET\XIOTCore.NET.csproj", "{A57F2D61-CA1A-4C55-8ABD-2A9F59F68901}"
EndProject
Project("{FAE04EC0-301F-11D3-BF4B-00C04F79EFBC}") = "XIOTCore_Samples_Console", "XIOTCore_Samples_Console\XIOTCore_Samples_Console.csproj", "{DCE0650F-0B0B-4C1A-8BB0-9842F2B1E589}"
EndProject
Project("{FAE04EC0-301F-11D3-BF4B-00C04F79EFBC}") = "XIOTCore.Universal", "XIOTCore.Universal\XIOTCore.Universal.csproj", "{3FE7B55F-F8F7-4157-B567-5E6C76A9D2B1}"
EndProject
Project("{FAE04EC0-301F-11D3-BF4B-00C04F79EFBC}") = "XIOTCore.Universal.Windows", "XIOTCore.Universal.Windows\XIOTCore.Universal.Windows.csproj", "{51F92112-659E-4CC6-A5D8-277C95D6E95E}"
EndProject
Project("{FAE04EC0-301F-11D3-BF4B-00C04F79EFBC}") = "XIOTCore.Universal.RaspberryPi", "XIOTCore.Universal.RaspberryPi\XIOTCore.Universal.RaspberryPi.csproj", "{3182012A-5EDC-4D95-8ACA-3EED219C6523}"
EndProject
Project("{FAE04EC0-301F-11D3-BF4B-00C04F79EFBC}") = "XIOTCore.Samples.Universal", "XIOTCore.Samples.Universal\XIOTCore.Samples.Universal.csproj", "{548F6FED-43FC-47EA-B296-ED4449208912}"
EndProject
Global
	GlobalSection(SolutionConfigurationPlatforms) = preSolution
		Debug|Any CPU = Debug|Any CPU
		Debug|ARM = Debug|ARM
		Debug|x64 = Debug|x64
		Debug|x86 = Debug|x86
		Release|Any CPU = Release|Any CPU
		Release|ARM = Release|ARM
		Release|x64 = Release|x64
		Release|x86 = Release|x86
	EndGlobalSection
	GlobalSection(ProjectConfigurationPlatforms) = postSolution
		{9F92ABA8-71DC-4583-BD4D-349DCBB6BD87}.Debug|Any CPU.ActiveCfg = Debug|Any CPU
		{9F92ABA8-71DC-4583-BD4D-349DCBB6BD87}.Debug|Any CPU.Build.0 = Debug|Any CPU
		{9F92ABA8-71DC-4583-BD4D-349DCBB6BD87}.Debug|ARM.ActiveCfg = Debug|Any CPU
		{9F92ABA8-71DC-4583-BD4D-349DCBB6BD87}.Debug|ARM.Build.0 = Debug|Any CPU
		{9F92ABA8-71DC-4583-BD4D-349DCBB6BD87}.Debug|x64.ActiveCfg = Debug|Any CPU
		{9F92ABA8-71DC-4583-BD4D-349DCBB6BD87}.Debug|x64.Build.0 = Debug|Any CPU
		{9F92ABA8-71DC-4583-BD4D-349DCBB6BD87}.Debug|x86.ActiveCfg = Debug|Any CPU
		{9F92ABA8-71DC-4583-BD4D-349DCBB6BD87}.Debug|x86.Build.0 = Debug|Any CPU
		{9F92ABA8-71DC-4583-BD4D-349DCBB6BD87}.Release|Any CPU.ActiveCfg = Release|Any CPU
		{9F92ABA8-71DC-4583-BD4D-349DCBB6BD87}.Release|Any CPU.Build.0 = Release|Any CPU
		{9F92ABA8-71DC-4583-BD4D-349DCBB6BD87}.Release|ARM.ActiveCfg = Release|Any CPU
		{9F92ABA8-71DC-4583-BD4D-349DCBB6BD87}.Release|ARM.Build.0 = Release|Any CPU
		{9F92ABA8-71DC-4583-BD4D-349DCBB6BD87}.Release|x64.ActiveCfg = Release|Any CPU
		{9F92ABA8-71DC-4583-BD4D-349DCBB6BD87}.Release|x64.Build.0 = Release|Any CPU
		{9F92ABA8-71DC-4583-BD4D-349DCBB6BD87}.Release|x86.ActiveCfg = Release|Any CPU
		{9F92ABA8-71DC-4583-BD4D-349DCBB6BD87}.Release|x86.Build.0 = Release|Any CPU
		{91902D55-BA04-4391-B565-02521F1EECF4}.Debug|Any CPU.ActiveCfg = Debug|Any CPU
		{91902D55-BA04-4391-B565-02521F1EECF4}.Debug|Any CPU.Build.0 = Debug|Any CPU
		{91902D55-BA04-4391-B565-02521F1EECF4}.Debug|ARM.ActiveCfg = Debug|Any CPU
		{91902D55-BA04-4391-B565-02521F1EECF4}.Debug|ARM.Build.0 = Debug|Any CPU
		{91902D55-BA04-4391-B565-02521F1EECF4}.Debug|x64.ActiveCfg = Debug|Any CPU
		{91902D55-BA04-4391-B565-02521F1EECF4}.Debug|x64.Build.0 = Debug|Any CPU
		{91902D55-BA04-4391-B565-02521F1EECF4}.Debug|x86.ActiveCfg = Debug|Any CPU
		{91902D55-BA04-4391-B565-02521F1EECF4}.Debug|x86.Build.0 = Debug|Any CPU
		{91902D55-BA04-4391-B565-02521F1EECF4}.Release|Any CPU.ActiveCfg = Release|Any CPU
		{91902D55-BA04-4391-B565-02521F1EECF4}.Release|Any CPU.Build.0 = Release|Any CPU
		{91902D55-BA04-4391-B565-02521F1EECF4}.Release|ARM.ActiveCfg = Release|Any CPU
		{91902D55-BA04-4391-B565-02521F1EECF4}.Release|ARM.Build.0 = Release|Any CPU
		{91902D55-BA04-4391-B565-02521F1EECF4}.Release|x64.ActiveCfg = Release|Any CPU
		{91902D55-BA04-4391-B565-02521F1EECF4}.Release|x64.Build.0 = Release|Any CPU
		{91902D55-BA04-4391-B565-02521F1EECF4}.Release|x86.ActiveCfg = Release|Any CPU
		{91902D55-BA04-4391-B565-02521F1EECF4}.Release|x86.Build.0 = Release|Any CPU
		{FA791085-FCD7-46A8-A87B-B112CD1D26AA}.Debug|Any CPU.ActiveCfg = Debug|Any CPU
		{FA791085-FCD7-46A8-A87B-B112CD1D26AA}.Debug|Any CPU.Build.0 = Debug|Any CPU
		{FA791085-FCD7-46A8-A87B-B112CD1D26AA}.Debug|ARM.ActiveCfg = Debug|Any CPU
		{FA791085-FCD7-46A8-A87B-B112CD1D26AA}.Debug|ARM.Build.0 = Debug|Any CPU
		{FA791085-FCD7-46A8-A87B-B112CD1D26AA}.Debug|x64.ActiveCfg = Debug|Any CPU
		{FA791085-FCD7-46A8-A87B-B112CD1D26AA}.Debug|x64.Build.0 = Debug|Any CPU
		{FA791085-FCD7-46A8-A87B-B112CD1D26AA}.Debug|x86.ActiveCfg = Debug|Any CPU
		{FA791085-FCD7-46A8-A87B-B112CD1D26AA}.Debug|x86.Build.0 = Debug|Any CPU
		{FA791085-FCD7-46A8-A87B-B112CD1D26AA}.Release|Any CPU.ActiveCfg = Release|Any CPU
		{FA791085-FCD7-46A8-A87B-B112CD1D26AA}.Release|Any CPU.Build.0 = Release|Any CPU
		{FA791085-FCD7-46A8-A87B-B112CD1D26AA}.Release|ARM.ActiveCfg = Release|Any CPU
		{FA791085-FCD7-46A8-A87B-B112CD1D26AA}.Release|ARM.Build.0 = Release|Any CPU
		{FA791085-FCD7-46A8-A87B-B112CD1D26AA}.Release|x64.ActiveCfg = Release|Any CPU
		{FA791085-FCD7-46A8-A87B-B112CD1D26AA}.Release|x64.Build.0 = Release|Any CPU
		{FA791085-FCD7-46A8-A87B-B112CD1D26AA}.Release|x86.ActiveCfg = Release|Any CPU
		{FA791085-FCD7-46A8-A87B-B112CD1D26AA}.Release|x86.Build.0 = Release|Any CPU
		{A57F2D61-CA1A-4C55-8ABD-2A9F59F68901}.Debug|Any CPU.ActiveCfg = Debug|Any CPU
		{A57F2D61-CA1A-4C55-8ABD-2A9F59F68901}.Debug|Any CPU.Build.0 = Debug|Any CPU
		{A57F2D61-CA1A-4C55-8ABD-2A9F59F68901}.Debug|ARM.ActiveCfg = Debug|Any CPU
		{A57F2D61-CA1A-4C55-8ABD-2A9F59F68901}.Debug|ARM.Build.0 = Debug|Any CPU
		{A57F2D61-CA1A-4C55-8ABD-2A9F59F68901}.Debug|x64.ActiveCfg = Debug|Any CPU
		{A57F2D61-CA1A-4C55-8ABD-2A9F59F68901}.Debug|x64.Build.0 = Debug|Any CPU
		{A57F2D61-CA1A-4C55-8ABD-2A9F59F68901}.Debug|x86.ActiveCfg = Debug|Any CPU
		{A57F2D61-CA1A-4C55-8ABD-2A9F59F68901}.Debug|x86.Build.0 = Debug|Any CPU
		{A57F2D61-CA1A-4C55-8ABD-2A9F59F68901}.Release|Any CPU.ActiveCfg = Release|Any CPU
		{A57F2D61-CA1A-4C55-8ABD-2A9F59F68901}.Release|Any CPU.Build.0 = Release|Any CPU
		{A57F2D61-CA1A-4C55-8ABD-2A9F59F68901}.Release|ARM.ActiveCfg = Release|Any CPU
		{A57F2D61-CA1A-4C55-8ABD-2A9F59F68901}.Release|ARM.Build.0 = Release|Any CPU
		{A57F2D61-CA1A-4C55-8ABD-2A9F59F68901}.Release|x64.ActiveCfg = Release|Any CPU
		{A57F2D61-CA1A-4C55-8ABD-2A9F59F68901}.Release|x64.Build.0 = Release|Any CPU
		{A57F2D61-CA1A-4C55-8ABD-2A9F59F68901}.Release|x86.ActiveCfg = Release|Any CPU
		{A57F2D61-CA1A-4C55-8ABD-2A9F59F68901}.Release|x86.Build.0 = Release|Any CPU
		{DCE0650F-0B0B-4C1A-8BB0-9842F2B1E589}.Debug|Any CPU.ActiveCfg = Debug|Any CPU
		{DCE0650F-0B0B-4C1A-8BB0-9842F2B1E589}.Debug|Any CPU.Build.0 = Debug|Any CPU
		{DCE0650F-0B0B-4C1A-8BB0-9842F2B1E589}.Debug|ARM.ActiveCfg = Debug|Any CPU
		{DCE0650F-0B0B-4C1A-8BB0-9842F2B1E589}.Debug|ARM.Build.0 = Debug|Any CPU
		{DCE0650F-0B0B-4C1A-8BB0-9842F2B1E589}.Debug|x64.ActiveCfg = Debug|Any CPU
		{DCE0650F-0B0B-4C1A-8BB0-9842F2B1E589}.Debug|x64.Build.0 = Debug|Any CPU
		{DCE0650F-0B0B-4C1A-8BB0-9842F2B1E589}.Debug|x86.ActiveCfg = Debug|Any CPU
		{DCE0650F-0B0B-4C1A-8BB0-9842F2B1E589}.Debug|x86.Build.0 = Debug|Any CPU
		{DCE0650F-0B0B-4C1A-8BB0-9842F2B1E589}.Release|Any CPU.ActiveCfg = Release|Any CPU
		{DCE0650F-0B0B-4C1A-8BB0-9842F2B1E589}.Release|Any CPU.Build.0 = Release|Any CPU
		{DCE0650F-0B0B-4C1A-8BB0-9842F2B1E589}.Release|ARM.ActiveCfg = Release|Any CPU
		{DCE0650F-0B0B-4C1A-8BB0-9842F2B1E589}.Release|ARM.Build.0 = Release|Any CPU
		{DCE0650F-0B0B-4C1A-8BB0-9842F2B1E589}.Release|x64.ActiveCfg = Release|Any CPU
		{DCE0650F-0B0B-4C1A-8BB0-9842F2B1E589}.Release|x64.Build.0 = Release|Any CPU
		{DCE0650F-0B0B-4C1A-8BB0-9842F2B1E589}.Release|x86.ActiveCfg = Release|Any CPU
		{DCE0650F-0B0B-4C1A-8BB0-9842F2B1E589}.Release|x86.Build.0 = Release|Any CPU
		{3FE7B55F-F8F7-4157-B567-5E6C76A9D2B1}.Debug|Any CPU.ActiveCfg = Debug|Any CPU
		{3FE7B55F-F8F7-4157-B567-5E6C76A9D2B1}.Debug|Any CPU.Build.0 = Debug|Any CPU
		{3FE7B55F-F8F7-4157-B567-5E6C76A9D2B1}.Debug|ARM.ActiveCfg = Debug|ARM
		{3FE7B55F-F8F7-4157-B567-5E6C76A9D2B1}.Debug|ARM.Build.0 = Debug|ARM
		{3FE7B55F-F8F7-4157-B567-5E6C76A9D2B1}.Debug|x64.ActiveCfg = Debug|x64
		{3FE7B55F-F8F7-4157-B567-5E6C76A9D2B1}.Debug|x64.Build.0 = Debug|x64
		{3FE7B55F-F8F7-4157-B567-5E6C76A9D2B1}.Debug|x86.ActiveCfg = Debug|x86
		{3FE7B55F-F8F7-4157-B567-5E6C76A9D2B1}.Debug|x86.Build.0 = Debug|x86
		{3FE7B55F-F8F7-4157-B567-5E6C76A9D2B1}.Release|Any CPU.ActiveCfg = Release|Any CPU
		{3FE7B55F-F8F7-4157-B567-5E6C76A9D2B1}.Release|Any CPU.Build.0 = Release|Any CPU
		{3FE7B55F-F8F7-4157-B567-5E6C76A9D2B1}.Release|ARM.ActiveCfg = Release|ARM
		{3FE7B55F-F8F7-4157-B567-5E6C76A9D2B1}.Release|ARM.Build.0 = Release|ARM
		{3FE7B55F-F8F7-4157-B567-5E6C76A9D2B1}.Release|x64.ActiveCfg = Release|x64
		{3FE7B55F-F8F7-4157-B567-5E6C76A9D2B1}.Release|x64.Build.0 = Release|x64
		{3FE7B55F-F8F7-4157-B567-5E6C76A9D2B1}.Release|x86.ActiveCfg = Release|x86
		{3FE7B55F-F8F7-4157-B567-5E6C76A9D2B1}.Release|x86.Build.0 = Release|x86
		{51F92112-659E-4CC6-A5D8-277C95D6E95E}.Debug|Any CPU.ActiveCfg = Debug|Any CPU
		{51F92112-659E-4CC6-A5D8-277C95D6E95E}.Debug|Any CPU.Build.0 = Debug|Any CPU
		{51F92112-659E-4CC6-A5D8-277C95D6E95E}.Debug|ARM.ActiveCfg = Debug|ARM
		{51F92112-659E-4CC6-A5D8-277C95D6E95E}.Debug|ARM.Build.0 = Debug|ARM
		{51F92112-659E-4CC6-A5D8-277C95D6E95E}.Debug|x64.ActiveCfg = Debug|x64
		{51F92112-659E-4CC6-A5D8-277C95D6E95E}.Debug|x64.Build.0 = Debug|x64
		{51F92112-659E-4CC6-A5D8-277C95D6E95E}.Debug|x86.ActiveCfg = Debug|x86
		{51F92112-659E-4CC6-A5D8-277C95D6E95E}.Debug|x86.Build.0 = Debug|x86
		{51F92112-659E-4CC6-A5D8-277C95D6E95E}.Release|Any CPU.ActiveCfg = Release|Any CPU
		{51F92112-659E-4CC6-A5D8-277C95D6E95E}.Release|Any CPU.Build.0 = Release|Any CPU
		{51F92112-659E-4CC6-A5D8-277C95D6E95E}.Release|ARM.ActiveCfg = Release|ARM
		{51F92112-659E-4CC6-A5D8-277C95D6E95E}.Release|ARM.Build.0 = Release|ARM
		{51F92112-659E-4CC6-A5D8-277C95D6E95E}.Release|x64.ActiveCfg = Release|x64
		{51F92112-659E-4CC6-A5D8-277C95D6E95E}.Release|x64.Build.0 = Release|x64
		{51F92112-659E-4CC6-A5D8-277C95D6E95E}.Release|x86.ActiveCfg = Release|x86
		{51F92112-659E-4CC6-A5D8-277C95D6E95E}.Release|x86.Build.0 = Release|x86
		{3182012A-5EDC-4D95-8ACA-3EED219C6523}.Debug|Any CPU.ActiveCfg = Debug|Any CPU
		{3182012A-5EDC-4D95-8ACA-3EED219C6523}.Debug|Any CPU.Build.0 = Debug|Any CPU
		{3182012A-5EDC-4D95-8ACA-3EED219C6523}.Debug|ARM.ActiveCfg = Debug|ARM
		{3182012A-5EDC-4D95-8ACA-3EED219C6523}.Debug|ARM.Build.0 = Debug|ARM
		{3182012A-5EDC-4D95-8ACA-3EED219C6523}.Debug|x64.ActiveCfg = Debug|x64
		{3182012A-5EDC-4D95-8ACA-3EED219C6523}.Debug|x64.Build.0 = Debug|x64
		{3182012A-5EDC-4D95-8ACA-3EED219C6523}.Debug|x86.ActiveCfg = Debug|x86
		{3182012A-5EDC-4D95-8ACA-3EED219C6523}.Debug|x86.Build.0 = Debug|x86
		{3182012A-5EDC-4D95-8ACA-3EED219C6523}.Release|Any CPU.ActiveCfg = Release|Any CPU
		{3182012A-5EDC-4D95-8ACA-3EED219C6523}.Release|Any CPU.Build.0 = Release|Any CPU
		{3182012A-5EDC-4D95-8ACA-3EED219C6523}.Release|ARM.ActiveCfg = Release|ARM
		{3182012A-5EDC-4D95-8ACA-3EED219C6523}.Release|ARM.Build.0 = Release|ARM
		{3182012A-5EDC-4D95-8ACA-3EED219C6523}.Release|x64.ActiveCfg = Release|x64
		{3182012A-5EDC-4D95-8ACA-3EED219C6523}.Release|x64.Build.0 = Release|x64
		{3182012A-5EDC-4D95-8ACA-3EED219C6523}.Release|x86.ActiveCfg = Release|x86
		{3182012A-5EDC-4D95-8ACA-3EED219C6523}.Release|x86.Build.0 = Release|x86
		{548F6FED-43FC-47EA-B296-ED4449208912}.Debug|Any CPU.ActiveCfg = Debug|x86
		{548F6FED-43FC-47EA-B296-ED4449208912}.Debug|Any CPU.Build.0 = Debug|x86
		{548F6FED-43FC-47EA-B296-ED4449208912}.Debug|Any CPU.Deploy.0 = Debug|x86
		{548F6FED-43FC-47EA-B296-ED4449208912}.Debug|ARM.ActiveCfg = Debug|ARM
		{548F6FED-43FC-47EA-B296-ED4449208912}.Debug|ARM.Build.0 = Debug|ARM
		{548F6FED-43FC-47EA-B296-ED4449208912}.Debug|ARM.Deploy.0 = Debug|ARM
		{548F6FED-43FC-47EA-B296-ED4449208912}.Debug|x64.ActiveCfg = Debug|x64
		{548F6FED-43FC-47EA-B296-ED4449208912}.Debug|x64.Build.0 = Debug|x64
		{548F6FED-43FC-47EA-B296-ED4449208912}.Debug|x64.Deploy.0 = Debug|x64
		{548F6FED-43FC-47EA-B296-ED4449208912}.Debug|x86.ActiveCfg = Debug|x86
		{548F6FED-43FC-47EA-B296-ED4449208912}.Debug|x86.Build.0 = Debug|x86
		{548F6FED-43FC-47EA-B296-ED4449208912}.Debug|x86.Deploy.0 = Debug|x86
		{548F6FED-43FC-47EA-B296-ED4449208912}.Release|Any CPU.ActiveCfg = Release|x86
		{548F6FED-43FC-47EA-B296-ED4449208912}.Release|Any CPU.Build.0 = Release|x86
		{548F6FED-43FC-47EA-B296-ED4449208912}.Release|Any CPU.Deploy.0 = Release|x86
		{548F6FED-43FC-47EA-B296-ED4449208912}.Release|ARM.ActiveCfg = Release|ARM
		{548F6FED-43FC-47EA-B296-ED4449208912}.Release|ARM.Build.0 = Release|ARM
		{548F6FED-43FC-47EA-B296-ED4449208912}.Release|ARM.Deploy.0 = Release|ARM
		{548F6FED-43FC-47EA-B296-ED4449208912}.Release|x64.ActiveCfg = Release|x64
		{548F6FED-43FC-47EA-B296-ED4449208912}.Release|x64.Build.0 = Release|x64
		{548F6FED-43FC-47EA-B296-ED4449208912}.Release|x64.Deploy.0 = Release|x64
		{548F6FED-43FC-47EA-B296-ED4449208912}.Release|x86.ActiveCfg = Release|x86
		{548F6FED-43FC-47EA-B296-ED4449208912}.Release|x86.Build.0 = Release|x86
		{548F6FED-43FC-47EA-B296-ED4449208912}.Release|x86.Deploy.0 = Release|x86
	EndGlobalSection
	GlobalSection(SolutionProperties) = preSolution
		HideSolutionNode = FALSE
	EndGlobalSection
	GlobalSection(NestedProjects) = preSolution
		{9F92ABA8-71DC-4583-BD4D-349DCBB6BD87} = {76F189B5-6342-47A2-992B-D681186E62F9}
		{91902D55-BA04-4391-B565-02521F1EECF4} = {76F189B5-6342-47A2-992B-D681186E62F9}
		{FA791085-FCD7-46A8-A87B-B112CD1D26AA} = {F836D93D-3D7E-40CC-8B2D-3E1D61B4F3AC}
		{A57F2D61-CA1A-4C55-8ABD-2A9F59F68901} = {76F189B5-6342-47A2-992B-D681186E62F9}
		{DCE0650F-0B0B-4C1A-8BB0-9842F2B1E589} = {A0C6E4A7-26DD-4284-9B35-1F8DF173EE40}
		{3FE7B55F-F8F7-4157-B567-5E6C76A9D2B1} = {76F189B5-6342-47A2-992B-D681186E62F9}
		{51F92112-659E-4CC6-A5D8-277C95D6E95E} = {F836D93D-3D7E-40CC-8B2D-3E1D61B4F3AC}
		{3182012A-5EDC-4D95-8ACA-3EED219C6523} = {F836D93D-3D7E-40CC-8B2D-3E1D61B4F3AC}
		{548F6FED-43FC-47EA-B296-ED4449208912} = {A0C6E4A7-26DD-4284-9B35-1F8DF173EE40}
	EndGlobalSection
EndGlobal
