
Microsoft Visual Studio Solution File, Format Version 12.00
# Visual Studio 14
VisualStudioVersion = 14.0.22823.1
MinimumVisualStudioVersion = 10.0.40219.1
Project("{2150E333-8FDC-42A3-9474-1A3956D46DE8}") = "Platform", "Platform", "{F836D93D-3D7E-40CC-8B2D-3E1D61B4F3AC}"
EndProject
Project("{2150E333-8FDC-42A3-9474-1A3956D46DE8}") = "Samples", "Samples", "{A0C6E4A7-26DD-4284-9B35-1F8DF173EE40}"
EndProject
Project("{FAE04EC0-301F-11D3-BF4B-00C04F79EFBC}") = "XIOTCore.RaspberryPI", "XamlingIOTCore.RaspberryPI\XIOTCore.RaspberryPI.csproj", "{8BC1B215-8C4A-4FAD-B139-2049410C7BE9}"
EndProject
Project("{2150E333-8FDC-42A3-9474-1A3956D46DE8}") = "Core", "Core", "{76F189B5-6342-47A2-992B-D681186E62F9}"
EndProject
Project("{FAE04EC0-301F-11D3-BF4B-00C04F79EFBC}") = "XIOTCore.Contract", "XIOTCore.Contract\XIOTCore.Contract.csproj", "{9F92ABA8-71DC-4583-BD4D-349DCBB6BD87}"
EndProject
Project("{FAE04EC0-301F-11D3-BF4B-00C04F79EFBC}") = "XIOTCore_Samples", "XIOTCore_Samples\XIOTCore_Samples.csproj", "{1750DA3A-65DF-4661-95BD-532A53DF62EE}"
EndProject
Project("{FAE04EC0-301F-11D3-BF4B-00C04F79EFBC}") = "XIOTCore.Portable", "XIOTCore.Portable\XIOTCore.Portable.csproj", "{91902D55-BA04-4391-B565-02521F1EECF4}"
EndProject
Project("{FAE04EC0-301F-11D3-BF4B-00C04F79EFBC}") = "XIOTCore.FTDI", "XIOTCore.FTDI\XIOTCore.FTDI.csproj", "{FA791085-FCD7-46A8-A87B-B112CD1D26AA}"
EndProject
Project("{FAE04EC0-301F-11D3-BF4B-00C04F79EFBC}") = "XIOTCore.Windows", "XIOTCore.Windows\XIOTCore.Windows.csproj", "{F7606D33-4FE8-46A3-8F4E-745A86800D82}"
EndProject
Project("{FAE04EC0-301F-11D3-BF4B-00C04F79EFBC}") = "XIOTCore", "XIOTCore\XIOTCore.csproj", "{FCFFD7F7-3B0E-4EC5-97FA-099900528800}"
EndProject
Project("{FAE04EC0-301F-11D3-BF4B-00C04F79EFBC}") = "XIOTCore.NET", "XIOTCore.NET\XIOTCore.NET.csproj", "{A57F2D61-CA1A-4C55-8ABD-2A9F59F68901}"
EndProject
Project("{FAE04EC0-301F-11D3-BF4B-00C04F79EFBC}") = "XIOTCore_Samples_Console", "XIOTCore_Samples_Console\XIOTCore_Samples_Console.csproj", "{DCE0650F-0B0B-4C1A-8BB0-9842F2B1E589}"
EndProject
Global
	GlobalSection(SolutionConfigurationPlatforms) = preSolution
		Debug|Any CPU = Debug|Any CPU
		Debug|ARM = Debug|ARM
		Debug|x64 = Debug|x64
		Debug|x86 = Debug|x86
		Release|Any CPU = Release|Any CPU
		Release|ARM = Release|ARM
		Release|x64 = Release|x64
		Release|x86 = Release|x86
	EndGlobalSection
	GlobalSection(ProjectConfigurationPlatforms) = postSolution
		{8BC1B215-8C4A-4FAD-B139-2049410C7BE9}.Debug|Any CPU.ActiveCfg = Debug|Any CPU
		{8BC1B215-8C4A-4FAD-B139-2049410C7BE9}.Debug|Any CPU.Build.0 = Debug|Any CPU
		{8BC1B215-8C4A-4FAD-B139-2049410C7BE9}.Debug|ARM.ActiveCfg = Debug|ARM
		{8BC1B215-8C4A-4FAD-B139-2049410C7BE9}.Debug|ARM.Build.0 = Debug|ARM
		{8BC1B215-8C4A-4FAD-B139-2049410C7BE9}.Debug|x64.ActiveCfg = Debug|x64
		{8BC1B215-8C4A-4FAD-B139-2049410C7BE9}.Debug|x64.Build.0 = Debug|x64
		{8BC1B215-8C4A-4FAD-B139-2049410C7BE9}.Debug|x86.ActiveCfg = Debug|x86
		{8BC1B215-8C4A-4FAD-B139-2049410C7BE9}.Debug|x86.Build.0 = Debug|x86
		{8BC1B215-8C4A-4FAD-B139-2049410C7BE9}.Release|Any CPU.ActiveCfg = Release|Any CPU
		{8BC1B215-8C4A-4FAD-B139-2049410C7BE9}.Release|Any CPU.Build.0 = Release|Any CPU
		{8BC1B215-8C4A-4FAD-B139-2049410C7BE9}.Release|ARM.ActiveCfg = Release|ARM
		{8BC1B215-8C4A-4FAD-B139-2049410C7BE9}.Release|ARM.Build.0 = Release|ARM
		{8BC1B215-8C4A-4FAD-B139-2049410C7BE9}.Release|x64.ActiveCfg = Release|x64
		{8BC1B215-8C4A-4FAD-B139-2049410C7BE9}.Release|x64.Build.0 = Release|x64
		{8BC1B215-8C4A-4FAD-B139-2049410C7BE9}.Release|x86.ActiveCfg = Release|x86
		{8BC1B215-8C4A-4FAD-B139-2049410C7BE9}.Release|x86.Build.0 = Release|x86
		{9F92ABA8-71DC-4583-BD4D-349DCBB6BD87}.Debug|Any CPU.ActiveCfg = Debug|Any CPU
		{9F92ABA8-71DC-4583-BD4D-349DCBB6BD87}.Debug|Any CPU.Build.0 = Debug|Any CPU
		{9F92ABA8-71DC-4583-BD4D-349DCBB6BD87}.Debug|ARM.ActiveCfg = Debug|Any CPU
		{9F92ABA8-71DC-4583-BD4D-349DCBB6BD87}.Debug|ARM.Build.0 = Debug|Any CPU
		{9F92ABA8-71DC-4583-BD4D-349DCBB6BD87}.Debug|x64.ActiveCfg = Debug|Any CPU
		{9F92ABA8-71DC-4583-BD4D-349DCBB6BD87}.Debug|x64.Build.0 = Debug|Any CPU
		{9F92ABA8-71DC-4583-BD4D-349DCBB6BD87}.Debug|x86.ActiveCfg = Debug|Any CPU
		{9F92ABA8-71DC-4583-BD4D-349DCBB6BD87}.Debug|x86.Build.0 = Debug|Any CPU
		{9F92ABA8-71DC-4583-BD4D-349DCBB6BD87}.Release|Any CPU.ActiveCfg = Release|Any CPU
		{9F92ABA8-71DC-4583-BD4D-349DCBB6BD87}.Release|Any CPU.Build.0 = Release|Any CPU
		{9F92ABA8-71DC-4583-BD4D-349DCBB6BD87}.Release|ARM.ActiveCfg = Release|Any CPU
		{9F92ABA8-71DC-4583-BD4D-349DCBB6BD87}.Release|ARM.Build.0 = Release|Any CPU
		{9F92ABA8-71DC-4583-BD4D-349DCBB6BD87}.Release|x64.ActiveCfg = Release|Any CPU
		{9F92ABA8-71DC-4583-BD4D-349DCBB6BD87}.Release|x64.Build.0 = Release|Any CPU
		{9F92ABA8-71DC-4583-BD4D-349DCBB6BD87}.Release|x86.ActiveCfg = Release|Any CPU
		{9F92ABA8-71DC-4583-BD4D-349DCBB6BD87}.Release|x86.Build.0 = Release|Any CPU
		{1750DA3A-65DF-4661-95BD-532A53DF62EE}.Debug|Any CPU.ActiveCfg = Debug|x86
		{1750DA3A-65DF-4661-95BD-532A53DF62EE}.Debug|Any CPU.Build.0 = Debug|x86
		{1750DA3A-65DF-4661-95BD-532A53DF62EE}.Debug|Any CPU.Deploy.0 = Debug|x86
		{1750DA3A-65DF-4661-95BD-532A53DF62EE}.Debug|ARM.ActiveCfg = Debug|ARM
		{1750DA3A-65DF-4661-95BD-532A53DF62EE}.Debug|ARM.Build.0 = Debug|ARM
		{1750DA3A-65DF-4661-95BD-532A53DF62EE}.Debug|ARM.Deploy.0 = Debug|ARM
		{1750DA3A-65DF-4661-95BD-532A53DF62EE}.Debug|x64.ActiveCfg = Debug|x64
		{1750DA3A-65DF-4661-95BD-532A53DF62EE}.Debug|x64.Build.0 = Debug|x64
		{1750DA3A-65DF-4661-95BD-532A53DF62EE}.Debug|x64.Deploy.0 = Debug|x64
		{1750DA3A-65DF-4661-95BD-532A53DF62EE}.Debug|x86.ActiveCfg = Debug|x86
		{1750DA3A-65DF-4661-95BD-532A53DF62EE}.Debug|x86.Build.0 = Debug|x86
		{1750DA3A-65DF-4661-95BD-532A53DF62EE}.Debug|x86.Deploy.0 = Debug|x86
		{1750DA3A-65DF-4661-95BD-532A53DF62EE}.Release|Any CPU.ActiveCfg = Release|x86
		{1750DA3A-65DF-4661-95BD-532A53DF62EE}.Release|ARM.ActiveCfg = Release|ARM
		{1750DA3A-65DF-4661-95BD-532A53DF62EE}.Release|ARM.Build.0 = Release|ARM
		{1750DA3A-65DF-4661-95BD-532A53DF62EE}.Release|ARM.Deploy.0 = Release|ARM
		{1750DA3A-65DF-4661-95BD-532A53DF62EE}.Release|x64.ActiveCfg = Release|x64
		{1750DA3A-65DF-4661-95BD-532A53DF62EE}.Release|x64.Build.0 = Release|x64
		{1750DA3A-65DF-4661-95BD-532A53DF62EE}.Release|x64.Deploy.0 = Release|x64
		{1750DA3A-65DF-4661-95BD-532A53DF62EE}.Release|x86.ActiveCfg = Release|x86
		{1750DA3A-65DF-4661-95BD-532A53DF62EE}.Release|x86.Build.0 = Release|x86
		{1750DA3A-65DF-4661-95BD-532A53DF62EE}.Release|x86.Deploy.0 = Release|x86
		{91902D55-BA04-4391-B565-02521F1EECF4}.Debug|Any CPU.ActiveCfg = Debug|Any CPU
		{91902D55-BA04-4391-B565-02521F1EECF4}.Debug|Any CPU.Build.0 = Debug|Any CPU
		{91902D55-BA04-4391-B565-02521F1EECF4}.Debug|ARM.ActiveCfg = Debug|Any CPU
		{91902D55-BA04-4391-B565-02521F1EECF4}.Debug|ARM.Build.0 = Debug|Any CPU
		{91902D55-BA04-4391-B565-02521F1EECF4}.Debug|x64.ActiveCfg = Debug|Any CPU
		{91902D55-BA04-4391-B565-02521F1EECF4}.Debug|x64.Build.0 = Debug|Any CPU
		{91902D55-BA04-4391-B565-02521F1EECF4}.Debug|x86.ActiveCfg = Debug|Any CPU
		{91902D55-BA04-4391-B565-02521F1EECF4}.Debug|x86.Build.0 = Debug|Any CPU
		{91902D55-BA04-4391-B565-02521F1EECF4}.Release|Any CPU.ActiveCfg = Release|Any CPU
		{91902D55-BA04-4391-B565-02521F1EECF4}.Release|Any CPU.Build.0 = Release|Any CPU
		{91902D55-BA04-4391-B565-02521F1EECF4}.Release|ARM.ActiveCfg = Release|Any CPU
		{91902D55-BA04-4391-B565-02521F1EECF4}.Release|ARM.Build.0 = Release|Any CPU
		{91902D55-BA04-4391-B565-02521F1EECF4}.Release|x64.ActiveCfg = Release|Any CPU
		{91902D55-BA04-4391-B565-02521F1EECF4}.Release|x64.Build.0 = Release|Any CPU
		{91902D55-BA04-4391-B565-02521F1EECF4}.Release|x86.ActiveCfg = Release|Any CPU
		{91902D55-BA04-4391-B565-02521F1EECF4}.Release|x86.Build.0 = Release|Any CPU
		{FA791085-FCD7-46A8-A87B-B112CD1D26AA}.Debug|Any CPU.ActiveCfg = Debug|Any CPU
		{FA791085-FCD7-46A8-A87B-B112CD1D26AA}.Debug|Any CPU.Build.0 = Debug|Any CPU
		{FA791085-FCD7-46A8-A87B-B112CD1D26AA}.Debug|ARM.ActiveCfg = Debug|Any CPU
		{FA791085-FCD7-46A8-A87B-B112CD1D26AA}.Debug|ARM.Build.0 = Debug|Any CPU
		{FA791085-FCD7-46A8-A87B-B112CD1D26AA}.Debug|x64.ActiveCfg = Debug|Any CPU
		{FA791085-FCD7-46A8-A87B-B112CD1D26AA}.Debug|x64.Build.0 = Debug|Any CPU
		{FA791085-FCD7-46A8-A87B-B112CD1D26AA}.Debug|x86.ActiveCfg = Debug|Any CPU
		{FA791085-FCD7-46A8-A87B-B112CD1D26AA}.Debug|x86.Build.0 = Debug|Any CPU
		{FA791085-FCD7-46A8-A87B-B112CD1D26AA}.Release|Any CPU.ActiveCfg = Release|Any CPU
		{FA791085-FCD7-46A8-A87B-B112CD1D26AA}.Release|Any CPU.Build.0 = Release|Any CPU
		{FA791085-FCD7-46A8-A87B-B112CD1D26AA}.Release|ARM.ActiveCfg = Release|Any CPU
		{FA791085-FCD7-46A8-A87B-B112CD1D26AA}.Release|ARM.Build.0 = Release|Any CPU
		{FA791085-FCD7-46A8-A87B-B112CD1D26AA}.Release|x64.ActiveCfg = Release|Any CPU
		{FA791085-FCD7-46A8-A87B-B112CD1D26AA}.Release|x64.Build.0 = Release|Any CPU
		{FA791085-FCD7-46A8-A87B-B112CD1D26AA}.Release|x86.ActiveCfg = Release|Any CPU
		{FA791085-FCD7-46A8-A87B-B112CD1D26AA}.Release|x86.Build.0 = Release|Any CPU
		{F7606D33-4FE8-46A3-8F4E-745A86800D82}.Debug|Any CPU.ActiveCfg = Debug|Any CPU
		{F7606D33-4FE8-46A3-8F4E-745A86800D82}.Debug|Any CPU.Build.0 = Debug|Any CPU
		{F7606D33-4FE8-46A3-8F4E-745A86800D82}.Debug|ARM.ActiveCfg = Debug|ARM
		{F7606D33-4FE8-46A3-8F4E-745A86800D82}.Debug|ARM.Build.0 = Debug|ARM
		{F7606D33-4FE8-46A3-8F4E-745A86800D82}.Debug|x64.ActiveCfg = Debug|x64
		{F7606D33-4FE8-46A3-8F4E-745A86800D82}.Debug|x64.Build.0 = Debug|x64
		{F7606D33-4FE8-46A3-8F4E-745A86800D82}.Debug|x86.ActiveCfg = Debug|x86
		{F7606D33-4FE8-46A3-8F4E-745A86800D82}.Debug|x86.Build.0 = Debug|x86
		{F7606D33-4FE8-46A3-8F4E-745A86800D82}.Release|Any CPU.ActiveCfg = Release|Any CPU
		{F7606D33-4FE8-46A3-8F4E-745A86800D82}.Release|Any CPU.Build.0 = Release|Any CPU
		{F7606D33-4FE8-46A3-8F4E-745A86800D82}.Release|ARM.ActiveCfg = Release|ARM
		{F7606D33-4FE8-46A3-8F4E-745A86800D82}.Release|ARM.Build.0 = Release|ARM
		{F7606D33-4FE8-46A3-8F4E-745A86800D82}.Release|x64.ActiveCfg = Release|x64
		{F7606D33-4FE8-46A3-8F4E-745A86800D82}.Release|x64.Build.0 = Release|x64
		{F7606D33-4FE8-46A3-8F4E-745A86800D82}.Release|x86.ActiveCfg = Release|x86
		{F7606D33-4FE8-46A3-8F4E-745A86800D82}.Release|x86.Build.0 = Release|x86
		{FCFFD7F7-3B0E-4EC5-97FA-099900528800}.Debug|Any CPU.ActiveCfg = Debug|Any CPU
		{FCFFD7F7-3B0E-4EC5-97FA-099900528800}.Debug|Any CPU.Build.0 = Debug|Any CPU
		{FCFFD7F7-3B0E-4EC5-97FA-099900528800}.Debug|ARM.ActiveCfg = Debug|ARM
		{FCFFD7F7-3B0E-4EC5-97FA-099900528800}.Debug|ARM.Build.0 = Debug|ARM
		{FCFFD7F7-3B0E-4EC5-97FA-099900528800}.Debug|x64.ActiveCfg = Debug|x64
		{FCFFD7F7-3B0E-4EC5-97FA-099900528800}.Debug|x64.Build.0 = Debug|x64
		{FCFFD7F7-3B0E-4EC5-97FA-099900528800}.Debug|x86.ActiveCfg = Debug|x86
		{FCFFD7F7-3B0E-4EC5-97FA-099900528800}.Debug|x86.Build.0 = Debug|x86
		{FCFFD7F7-3B0E-4EC5-97FA-099900528800}.Release|Any CPU.ActiveCfg = Release|Any CPU
		{FCFFD7F7-3B0E-4EC5-97FA-099900528800}.Release|Any CPU.Build.0 = Release|Any CPU
		{FCFFD7F7-3B0E-4EC5-97FA-099900528800}.Release|ARM.ActiveCfg = Release|ARM
		{FCFFD7F7-3B0E-4EC5-97FA-099900528800}.Release|ARM.Build.0 = Release|ARM
		{FCFFD7F7-3B0E-4EC5-97FA-099900528800}.Release|x64.ActiveCfg = Release|x64
		{FCFFD7F7-3B0E-4EC5-97FA-099900528800}.Release|x64.Build.0 = Release|x64
		{FCFFD7F7-3B0E-4EC5-97FA-099900528800}.Release|x86.ActiveCfg = Release|x86
		{FCFFD7F7-3B0E-4EC5-97FA-099900528800}.Release|x86.Build.0 = Release|x86
		{A57F2D61-CA1A-4C55-8ABD-2A9F59F68901}.Debug|Any CPU.ActiveCfg = Debug|Any CPU
		{A57F2D61-CA1A-4C55-8ABD-2A9F59F68901}.Debug|Any CPU.Build.0 = Debug|Any CPU
		{A57F2D61-CA1A-4C55-8ABD-2A9F59F68901}.Debug|ARM.ActiveCfg = Debug|Any CPU
		{A57F2D61-CA1A-4C55-8ABD-2A9F59F68901}.Debug|ARM.Build.0 = Debug|Any CPU
		{A57F2D61-CA1A-4C55-8ABD-2A9F59F68901}.Debug|x64.ActiveCfg = Debug|Any CPU
		{A57F2D61-CA1A-4C55-8ABD-2A9F59F68901}.Debug|x64.Build.0 = Debug|Any CPU
		{A57F2D61-CA1A-4C55-8ABD-2A9F59F68901}.Debug|x86.ActiveCfg = Debug|Any CPU
		{A57F2D61-CA1A-4C55-8ABD-2A9F59F68901}.Debug|x86.Build.0 = Debug|Any CPU
		{A57F2D61-CA1A-4C55-8ABD-2A9F59F68901}.Release|Any CPU.ActiveCfg = Release|Any CPU
		{A57F2D61-CA1A-4C55-8ABD-2A9F59F68901}.Release|Any CPU.Build.0 = Release|Any CPU
		{A57F2D61-CA1A-4C55-8ABD-2A9F59F68901}.Release|ARM.ActiveCfg = Release|Any CPU
		{A57F2D61-CA1A-4C55-8ABD-2A9F59F68901}.Release|ARM.Build.0 = Release|Any CPU
		{A57F2D61-CA1A-4C55-8ABD-2A9F59F68901}.Release|x64.ActiveCfg = Release|Any CPU
		{A57F2D61-CA1A-4C55-8ABD-2A9F59F68901}.Release|x64.Build.0 = Release|Any CPU
		{A57F2D61-CA1A-4C55-8ABD-2A9F59F68901}.Release|x86.ActiveCfg = Release|Any CPU
		{A57F2D61-CA1A-4C55-8ABD-2A9F59F68901}.Release|x86.Build.0 = Release|Any CPU
		{DCE0650F-0B0B-4C1A-8BB0-9842F2B1E589}.Debug|Any CPU.ActiveCfg = Debug|Any CPU
		{DCE0650F-0B0B-4C1A-8BB0-9842F2B1E589}.Debug|Any CPU.Build.0 = Debug|Any CPU
		{DCE0650F-0B0B-4C1A-8BB0-9842F2B1E589}.Debug|ARM.ActiveCfg = Debug|Any CPU
		{DCE0650F-0B0B-4C1A-8BB0-9842F2B1E589}.Debug|ARM.Build.0 = Debug|Any CPU
		{DCE0650F-0B0B-4C1A-8BB0-9842F2B1E589}.Debug|x64.ActiveCfg = Debug|Any CPU
		{DCE0650F-0B0B-4C1A-8BB0-9842F2B1E589}.Debug|x64.Build.0 = Debug|Any CPU
		{DCE0650F-0B0B-4C1A-8BB0-9842F2B1E589}.Debug|x86.ActiveCfg = Debug|Any CPU
		{DCE0650F-0B0B-4C1A-8BB0-9842F2B1E589}.Debug|x86.Build.0 = Debug|Any CPU
		{DCE0650F-0B0B-4C1A-8BB0-9842F2B1E589}.Release|Any CPU.ActiveCfg = Release|Any CPU
		{DCE0650F-0B0B-4C1A-8BB0-9842F2B1E589}.Release|Any CPU.Build.0 = Release|Any CPU
		{DCE0650F-0B0B-4C1A-8BB0-9842F2B1E589}.Release|ARM.ActiveCfg = Release|Any CPU
		{DCE0650F-0B0B-4C1A-8BB0-9842F2B1E589}.Release|ARM.Build.0 = Release|Any CPU
		{DCE0650F-0B0B-4C1A-8BB0-9842F2B1E589}.Release|x64.ActiveCfg = Release|Any CPU
		{DCE0650F-0B0B-4C1A-8BB0-9842F2B1E589}.Release|x64.Build.0 = Release|Any CPU
		{DCE0650F-0B0B-4C1A-8BB0-9842F2B1E589}.Release|x86.ActiveCfg = Release|Any CPU
		{DCE0650F-0B0B-4C1A-8BB0-9842F2B1E589}.Release|x86.Build.0 = Release|Any CPU
	EndGlobalSection
	GlobalSection(SolutionProperties) = preSolution
		HideSolutionNode = FALSE
	EndGlobalSection
	GlobalSection(NestedProjects) = preSolution
		{8BC1B215-8C4A-4FAD-B139-2049410C7BE9} = {F836D93D-3D7E-40CC-8B2D-3E1D61B4F3AC}
		{9F92ABA8-71DC-4583-BD4D-349DCBB6BD87} = {76F189B5-6342-47A2-992B-D681186E62F9}
		{1750DA3A-65DF-4661-95BD-532A53DF62EE} = {A0C6E4A7-26DD-4284-9B35-1F8DF173EE40}
		{91902D55-BA04-4391-B565-02521F1EECF4} = {76F189B5-6342-47A2-992B-D681186E62F9}
		{FA791085-FCD7-46A8-A87B-B112CD1D26AA} = {F836D93D-3D7E-40CC-8B2D-3E1D61B4F3AC}
		{F7606D33-4FE8-46A3-8F4E-745A86800D82} = {F836D93D-3D7E-40CC-8B2D-3E1D61B4F3AC}
		{FCFFD7F7-3B0E-4EC5-97FA-099900528800} = {76F189B5-6342-47A2-992B-D681186E62F9}
		{A57F2D61-CA1A-4C55-8ABD-2A9F59F68901} = {76F189B5-6342-47A2-992B-D681186E62F9}
		{DCE0650F-0B0B-4C1A-8BB0-9842F2B1E589} = {A0C6E4A7-26DD-4284-9B35-1F8DF173EE40}
	EndGlobalSection
EndGlobal
