
Microsoft Visual Studio Solution File, Format Version 12.00
# Visual Studio 14
VisualStudioVersion = 14.0.22823.1
MinimumVisualStudioVersion = 10.0.40219.1
Project("{FAE04EC0-301F-11D3-BF4B-00C04F79EFBC}") = "XamlingIOTCoreTestClient", "XamlingIOTCoreTestClient\XamlingIOTCoreTestClient.csproj", "{B073C97F-2A43-4048-9F43-4249191BB582}"
EndProject
Project("{2150E333-8FDC-42A3-9474-1A3956D46DE8}") = "Platform", "Platform", "{F836D93D-3D7E-40CC-8B2D-3E1D61B4F3AC}"
EndProject
Project("{2150E333-8FDC-42A3-9474-1A3956D46DE8}") = "Samples", "Samples", "{A0C6E4A7-26DD-4284-9B35-1F8DF173EE40}"
EndProject
Project("{FAE04EC0-301F-11D3-BF4B-00C04F79EFBC}") = "XIOTCore.RaspberryPI", "XamlingIOTCore.RaspberryPI\XIOTCore.RaspberryPI.csproj", "{8BC1B215-8C4A-4FAD-B139-2049410C7BE9}"
EndProject
Project("{2150E333-8FDC-42A3-9474-1A3956D46DE8}") = "Core", "Core", "{76F189B5-6342-47A2-992B-D681186E62F9}"
EndProject
Project("{FAE04EC0-301F-11D3-BF4B-00C04F79EFBC}") = "XIOTCore.Contract", "XIOTCore.Contract\XIOTCore.Contract.csproj", "{9F92ABA8-71DC-4583-BD4D-349DCBB6BD87}"
EndProject
Project("{FAE04EC0-301F-11D3-BF4B-00C04F79EFBC}") = "XIOTCore.Components", "XIOTCore.Components\XIOTCore.Components.csproj", "{E4AC451A-DCDC-4097-9F91-122AA7223FDF}"
EndProject
Project("{FAE04EC0-301F-11D3-BF4B-00C04F79EFBC}") = "XIOTCore", "XIOTCore\XIOTCore.csproj", "{F7606D33-4FE8-46A3-8F4E-745A86800D82}"
EndProject
Global
	GlobalSection(SolutionConfigurationPlatforms) = preSolution
		Debug|Any CPU = Debug|Any CPU
		Debug|ARM = Debug|ARM
		Debug|x64 = Debug|x64
		Debug|x86 = Debug|x86
		Release|Any CPU = Release|Any CPU
		Release|ARM = Release|ARM
		Release|x64 = Release|x64
		Release|x86 = Release|x86
	EndGlobalSection
	GlobalSection(ProjectConfigurationPlatforms) = postSolution
		{B073C97F-2A43-4048-9F43-4249191BB582}.Debug|Any CPU.ActiveCfg = Debug|x86
		{B073C97F-2A43-4048-9F43-4249191BB582}.Debug|ARM.ActiveCfg = Debug|ARM
		{B073C97F-2A43-4048-9F43-4249191BB582}.Debug|ARM.Build.0 = Debug|ARM
		{B073C97F-2A43-4048-9F43-4249191BB582}.Debug|ARM.Deploy.0 = Debug|ARM
		{B073C97F-2A43-4048-9F43-4249191BB582}.Debug|x64.ActiveCfg = Debug|x64
		{B073C97F-2A43-4048-9F43-4249191BB582}.Debug|x64.Build.0 = Debug|x64
		{B073C97F-2A43-4048-9F43-4249191BB582}.Debug|x64.Deploy.0 = Debug|x64
		{B073C97F-2A43-4048-9F43-4249191BB582}.Debug|x86.ActiveCfg = Debug|x86
		{B073C97F-2A43-4048-9F43-4249191BB582}.Debug|x86.Build.0 = Debug|x86
		{B073C97F-2A43-4048-9F43-4249191BB582}.Debug|x86.Deploy.0 = Debug|x86
		{B073C97F-2A43-4048-9F43-4249191BB582}.Release|Any CPU.ActiveCfg = Release|x86
		{B073C97F-2A43-4048-9F43-4249191BB582}.Release|ARM.ActiveCfg = Release|ARM
		{B073C97F-2A43-4048-9F43-4249191BB582}.Release|ARM.Build.0 = Release|ARM
		{B073C97F-2A43-4048-9F43-4249191BB582}.Release|ARM.Deploy.0 = Release|ARM
		{B073C97F-2A43-4048-9F43-4249191BB582}.Release|x64.ActiveCfg = Release|x64
		{B073C97F-2A43-4048-9F43-4249191BB582}.Release|x64.Build.0 = Release|x64
		{B073C97F-2A43-4048-9F43-4249191BB582}.Release|x64.Deploy.0 = Release|x64
		{B073C97F-2A43-4048-9F43-4249191BB582}.Release|x86.ActiveCfg = Release|x86
		{B073C97F-2A43-4048-9F43-4249191BB582}.Release|x86.Build.0 = Release|x86
		{B073C97F-2A43-4048-9F43-4249191BB582}.Release|x86.Deploy.0 = Release|x86
		{8BC1B215-8C4A-4FAD-B139-2049410C7BE9}.Debug|Any CPU.ActiveCfg = Debug|Any CPU
		{8BC1B215-8C4A-4FAD-B139-2049410C7BE9}.Debug|Any CPU.Build.0 = Debug|Any CPU
		{8BC1B215-8C4A-4FAD-B139-2049410C7BE9}.Debug|ARM.ActiveCfg = Debug|ARM
		{8BC1B215-8C4A-4FAD-B139-2049410C7BE9}.Debug|ARM.Build.0 = Debug|ARM
		{8BC1B215-8C4A-4FAD-B139-2049410C7BE9}.Debug|x64.ActiveCfg = Debug|x64
		{8BC1B215-8C4A-4FAD-B139-2049410C7BE9}.Debug|x64.Build.0 = Debug|x64
		{8BC1B215-8C4A-4FAD-B139-2049410C7BE9}.Debug|x86.ActiveCfg = Debug|x86
		{8BC1B215-8C4A-4FAD-B139-2049410C7BE9}.Debug|x86.Build.0 = Debug|x86
		{8BC1B215-8C4A-4FAD-B139-2049410C7BE9}.Release|Any CPU.ActiveCfg = Release|Any CPU
		{8BC1B215-8C4A-4FAD-B139-2049410C7BE9}.Release|Any CPU.Build.0 = Release|Any CPU
		{8BC1B215-8C4A-4FAD-B139-2049410C7BE9}.Release|ARM.ActiveCfg = Release|ARM
		{8BC1B215-8C4A-4FAD-B139-2049410C7BE9}.Release|ARM.Build.0 = Release|ARM
		{8BC1B215-8C4A-4FAD-B139-2049410C7BE9}.Release|x64.ActiveCfg = Release|x64
		{8BC1B215-8C4A-4FAD-B139-2049410C7BE9}.Release|x64.Build.0 = Release|x64
		{8BC1B215-8C4A-4FAD-B139-2049410C7BE9}.Release|x86.ActiveCfg = Release|x86
		{8BC1B215-8C4A-4FAD-B139-2049410C7BE9}.Release|x86.Build.0 = Release|x86
		{9F92ABA8-71DC-4583-BD4D-349DCBB6BD87}.Debug|Any CPU.ActiveCfg = Debug|Any CPU
		{9F92ABA8-71DC-4583-BD4D-349DCBB6BD87}.Debug|Any CPU.Build.0 = Debug|Any CPU
		{9F92ABA8-71DC-4583-BD4D-349DCBB6BD87}.Debug|ARM.ActiveCfg = Debug|Any CPU
		{9F92ABA8-71DC-4583-BD4D-349DCBB6BD87}.Debug|ARM.Build.0 = Debug|Any CPU
		{9F92ABA8-71DC-4583-BD4D-349DCBB6BD87}.Debug|x64.ActiveCfg = Debug|Any CPU
		{9F92ABA8-71DC-4583-BD4D-349DCBB6BD87}.Debug|x64.Build.0 = Debug|Any CPU
		{9F92ABA8-71DC-4583-BD4D-349DCBB6BD87}.Debug|x86.ActiveCfg = Debug|Any CPU
		{9F92ABA8-71DC-4583-BD4D-349DCBB6BD87}.Debug|x86.Build.0 = Debug|Any CPU
		{9F92ABA8-71DC-4583-BD4D-349DCBB6BD87}.Release|Any CPU.ActiveCfg = Release|Any CPU
		{9F92ABA8-71DC-4583-BD4D-349DCBB6BD87}.Release|Any CPU.Build.0 = Release|Any CPU
		{9F92ABA8-71DC-4583-BD4D-349DCBB6BD87}.Release|ARM.ActiveCfg = Release|Any CPU
		{9F92ABA8-71DC-4583-BD4D-349DCBB6BD87}.Release|ARM.Build.0 = Release|Any CPU
		{9F92ABA8-71DC-4583-BD4D-349DCBB6BD87}.Release|x64.ActiveCfg = Release|Any CPU
		{9F92ABA8-71DC-4583-BD4D-349DCBB6BD87}.Release|x64.Build.0 = Release|Any CPU
		{9F92ABA8-71DC-4583-BD4D-349DCBB6BD87}.Release|x86.ActiveCfg = Release|Any CPU
		{9F92ABA8-71DC-4583-BD4D-349DCBB6BD87}.Release|x86.Build.0 = Release|Any CPU
		{E4AC451A-DCDC-4097-9F91-122AA7223FDF}.Debug|Any CPU.ActiveCfg = Debug|Any CPU
		{E4AC451A-DCDC-4097-9F91-122AA7223FDF}.Debug|Any CPU.Build.0 = Debug|Any CPU
		{E4AC451A-DCDC-4097-9F91-122AA7223FDF}.Debug|ARM.ActiveCfg = Debug|ARM
		{E4AC451A-DCDC-4097-9F91-122AA7223FDF}.Debug|ARM.Build.0 = Debug|ARM
		{E4AC451A-DCDC-4097-9F91-122AA7223FDF}.Debug|x64.ActiveCfg = Debug|x64
		{E4AC451A-DCDC-4097-9F91-122AA7223FDF}.Debug|x64.Build.0 = Debug|x64
		{E4AC451A-DCDC-4097-9F91-122AA7223FDF}.Debug|x86.ActiveCfg = Debug|x86
		{E4AC451A-DCDC-4097-9F91-122AA7223FDF}.Debug|x86.Build.0 = Debug|x86
		{E4AC451A-DCDC-4097-9F91-122AA7223FDF}.Release|Any CPU.ActiveCfg = Release|Any CPU
		{E4AC451A-DCDC-4097-9F91-122AA7223FDF}.Release|Any CPU.Build.0 = Release|Any CPU
		{E4AC451A-DCDC-4097-9F91-122AA7223FDF}.Release|ARM.ActiveCfg = Release|ARM
		{E4AC451A-DCDC-4097-9F91-122AA7223FDF}.Release|ARM.Build.0 = Release|ARM
		{E4AC451A-DCDC-4097-9F91-122AA7223FDF}.Release|x64.ActiveCfg = Release|x64
		{E4AC451A-DCDC-4097-9F91-122AA7223FDF}.Release|x64.Build.0 = Release|x64
		{E4AC451A-DCDC-4097-9F91-122AA7223FDF}.Release|x86.ActiveCfg = Release|x86
		{E4AC451A-DCDC-4097-9F91-122AA7223FDF}.Release|x86.Build.0 = Release|x86
		{F7606D33-4FE8-46A3-8F4E-745A86800D82}.Debug|Any CPU.ActiveCfg = Debug|Any CPU
		{F7606D33-4FE8-46A3-8F4E-745A86800D82}.Debug|Any CPU.Build.0 = Debug|Any CPU
		{F7606D33-4FE8-46A3-8F4E-745A86800D82}.Debug|ARM.ActiveCfg = Debug|ARM
		{F7606D33-4FE8-46A3-8F4E-745A86800D82}.Debug|ARM.Build.0 = Debug|ARM
		{F7606D33-4FE8-46A3-8F4E-745A86800D82}.Debug|x64.ActiveCfg = Debug|x64
		{F7606D33-4FE8-46A3-8F4E-745A86800D82}.Debug|x64.Build.0 = Debug|x64
		{F7606D33-4FE8-46A3-8F4E-745A86800D82}.Debug|x86.ActiveCfg = Debug|x86
		{F7606D33-4FE8-46A3-8F4E-745A86800D82}.Debug|x86.Build.0 = Debug|x86
		{F7606D33-4FE8-46A3-8F4E-745A86800D82}.Release|Any CPU.ActiveCfg = Release|Any CPU
		{F7606D33-4FE8-46A3-8F4E-745A86800D82}.Release|Any CPU.Build.0 = Release|Any CPU
		{F7606D33-4FE8-46A3-8F4E-745A86800D82}.Release|ARM.ActiveCfg = Release|ARM
		{F7606D33-4FE8-46A3-8F4E-745A86800D82}.Release|ARM.Build.0 = Release|ARM
		{F7606D33-4FE8-46A3-8F4E-745A86800D82}.Release|x64.ActiveCfg = Release|x64
		{F7606D33-4FE8-46A3-8F4E-745A86800D82}.Release|x64.Build.0 = Release|x64
		{F7606D33-4FE8-46A3-8F4E-745A86800D82}.Release|x86.ActiveCfg = Release|x86
		{F7606D33-4FE8-46A3-8F4E-745A86800D82}.Release|x86.Build.0 = Release|x86
	EndGlobalSection
	GlobalSection(SolutionProperties) = preSolution
		HideSolutionNode = FALSE
	EndGlobalSection
	GlobalSection(NestedProjects) = preSolution
		{B073C97F-2A43-4048-9F43-4249191BB582} = {A0C6E4A7-26DD-4284-9B35-1F8DF173EE40}
		{8BC1B215-8C4A-4FAD-B139-2049410C7BE9} = {F836D93D-3D7E-40CC-8B2D-3E1D61B4F3AC}
		{9F92ABA8-71DC-4583-BD4D-349DCBB6BD87} = {76F189B5-6342-47A2-992B-D681186E62F9}
		{E4AC451A-DCDC-4097-9F91-122AA7223FDF} = {76F189B5-6342-47A2-992B-D681186E62F9}
		{F7606D33-4FE8-46A3-8F4E-745A86800D82} = {76F189B5-6342-47A2-992B-D681186E62F9}
	EndGlobalSection
EndGlobal
